{
  "pins" : [
    {
      "identity" : "swift-async-algorithms",
      "kind" : "remoteSourceControl",
      "location" : "https://github.com/apple/swift-async-algorithms",
      "state" : {
        "branch" : "main",
        "revision" : "68c8dc285b7e85866adf907b0301f15dec73dd13"
      }
    }
  ],
  "version" : 2
}
